// !$*UTF8*$!
{
	archiveVersion = 1;
	classes = {
	};
	objectVersion = 52;
	objects = {

/* Begin PBXBuildFile section */
		4C8ACD87242BEE6400AA710B /* AppDelegate.swift in Sources */ = {isa = PBXBuildFile; fileRef = 4C8ACD86242BEE6400AA710B /* AppDelegate.swift */; };
		4C8ACD89242BEE6400AA710B /* SceneDelegate.swift in Sources */ = {isa = PBXBuildFile; fileRef = 4C8ACD88242BEE6400AA710B /* SceneDelegate.swift */; };
		4C8ACD8B242BEE6400AA710B /* ContentView.swift in Sources */ = {isa = PBXBuildFile; fileRef = 4C8ACD8A242BEE6400AA710B /* ContentView.swift */; };
		4C8ACD8D242BEE6500AA710B /* Assets.xcassets in Resources */ = {isa = PBXBuildFile; fileRef = 4C8ACD8C242BEE6500AA710B /* Assets.xcassets */; };
		4C8ACD90242BEE6500AA710B /* Preview Assets.xcassets in Resources */ = {isa = PBXBuildFile; fileRef = 4C8ACD8F242BEE6500AA710B /* Preview Assets.xcassets */; };
		4C8ACD93242BEE6500AA710B /* LaunchScreen.storyboard in Resources */ = {isa = PBXBuildFile; fileRef = 4C8ACD91242BEE6500AA710B /* LaunchScreen.storyboard */; };
		4C8ACD9E242BEE6500AA710B /* SaveTheWorldTests.swift in Sources */ = {isa = PBXBuildFile; fileRef = 4C8ACD9D242BEE6500AA710B /* SaveTheWorldTests.swift */; };
/* End PBXBuildFile section */

/* Begin PBXContainerItemProxy section */
		4C8ACD9A242BEE6500AA710B /* PBXContainerItemProxy */ = {
			isa = PBXContainerItemProxy;
			containerPortal = 4C8ACD7B242BEE6300AA710B /* Project object */;
			proxyType = 1;
			remoteGlobalIDString = 4C8ACD82242BEE6400AA710B;
			remoteInfo = SaveTheWorld;
		};
/* End PBXContainerItemProxy section */

/* Begin PBXFileReference section */
		4C8ACD83242BEE6400AA710B /* SaveTheWorld.app */ = {isa = PBXFileReference; explicitFileType = wrapper.application; includeInIndex = 0; path = SaveTheWorld.app; sourceTree = BUILT_PRODUCTS_DIR; };
		4C8ACD86242BEE6400AA710B /* AppDelegate.swift */ = {isa = PBXFileReference; lastKnownFileType = sourcecode.swift; path = AppDelegate.swift; sourceTree = "<group>"; };
		4C8ACD88242BEE6400AA710B /* SceneDelegate.swift */ = {isa = PBXFileReference; lastKnownFileType = sourcecode.swift; path = SceneDelegate.swift; sourceTree = "<group>"; };
		4C8ACD8A242BEE6400AA710B /* ContentView.swift */ = {isa = PBXFileReference; lastKnownFileType = sourcecode.swift; path = ContentView.swift; sourceTree = "<group>"; };
		4C8ACD8C242BEE6500AA710B /* Assets.xcassets */ = {isa = PBXFileReference; lastKnownFileType = folder.assetcatalog; path = Assets.xcassets; sourceTree = "<group>"; };
		4C8ACD8F242BEE6500AA710B /* Preview Assets.xcassets */ = {isa = PBXFileReference; lastKnownFileType = folder.assetcatalog; path = "Preview Assets.xcassets"; sourceTree = "<group>"; };
		4C8ACD92242BEE6500AA710B /* Base */ = {isa = PBXFileReference; lastKnownFileType = file.storyboard; name = Base; path = Base.lproj/LaunchScreen.storyboard; sourceTree = "<group>"; };
		4C8ACD94242BEE6500AA710B /* Info.plist */ = {isa = PBXFileReference; lastKnownFileType = text.plist.xml; path = Info.plist; sourceTree = "<group>"; };
		4C8ACD99242BEE6500AA710B /* SaveTheWorldTests.xctest */ = {isa = PBXFileReference; explicitFileType = wrapper.cfbundle; includeInIndex = 0; path = SaveTheWorldTests.xctest; sourceTree = BUILT_PRODUCTS_DIR; };
		4C8ACD9D242BEE6500AA710B /* SaveTheWorldTests.swift */ = {isa = PBXFileReference; lastKnownFileType = sourcecode.swift; path = SaveTheWorldTests.swift; sourceTree = "<group>"; };
		4C8ACD9F242BEE6500AA710B /* Info.plist */ = {isa = PBXFileReference; lastKnownFileType = text.plist.xml; path = Info.plist; sourceTree = "<group>"; };
/* End PBXFileReference section */

/* Begin PBXFrameworksBuildPhase section */
		4C8ACD80242BEE6400AA710B /* Frameworks */ = {
			isa = PBXFrameworksBuildPhase;
			buildActionMask = 2147483647;
			files = (
			);
			runOnlyForDeploymentPostprocessing = 0;
		};
		4C8ACD96242BEE6500AA710B /* Frameworks */ = {
			isa = PBXFrameworksBuildPhase;
			buildActionMask = 2147483647;
			files = (
			);
			runOnlyForDeploymentPostprocessing = 0;
		};
/* End PBXFrameworksBuildPhase section */

/* Begin PBXGroup section */
		4C8ACD7A242BEE6300AA710B = {
			isa = PBXGroup;
			children = (
				4C8ACD85242BEE6400AA710B /* SaveTheWorld */,
				4C8ACD9C242BEE6500AA710B /* SaveTheWorldTests */,
				4C8ACD84242BEE6400AA710B /* Products */,
			);
			sourceTree = "<group>";
		};
		4C8ACD84242BEE6400AA710B /* Products */ = {
			isa = PBXGroup;
			children = (
				4C8ACD83242BEE6400AA710B /* SaveTheWorld.app */,
				4C8ACD99242BEE6500AA710B /* SaveTheWorldTests.xctest */,
			);
			name = Products;
			sourceTree = "<group>";
		};
		4C8ACD85242BEE6400AA710B /* SaveTheWorld */ = {
			isa = PBXGroup;
			children = (
				4C8ACD86242BEE6400AA710B /* AppDelegate.swift */,
				4C8ACD88242BEE6400AA710B /* SceneDelegate.swift */,
				4C8ACD8A242BEE6400AA710B /* ContentView.swift */,
				4C8ACD8C242BEE6500AA710B /* Assets.xcassets */,
				4C8ACD91242BEE6500AA710B /* LaunchScreen.storyboard */,
				4C8ACD94242BEE6500AA710B /* Info.plist */,
				4C8ACD8E242BEE6500AA710B /* Preview Content */,
			);
			path = SaveTheWorld;
			sourceTree = "<group>";
		};
		4C8ACD8E242BEE6500AA710B /* Preview Content */ = {
			isa = PBXGroup;
			children = (
				4C8ACD8F242BEE6500AA710B /* Preview Assets.xcassets */,
			);
			path = "Preview Content";
			sourceTree = "<group>";
		};
		4C8ACD9C242BEE6500AA710B /* SaveTheWorldTests */ = {
			isa = PBXGroup;
			children = (
				4C8ACD9D242BEE6500AA710B /* SaveTheWorldTests.swift */,
				4C8ACD9F242BEE6500AA710B /* Info.plist */,
			);
			path = SaveTheWorldTests;
			sourceTree = "<group>";
		};
/* End PBXGroup section */

/* Begin PBXNativeTarget section */
		4C8ACD82242BEE6400AA710B /* SaveTheWorld */ = {
			isa = PBXNativeTarget;
			buildConfigurationList = 4C8ACDA2242BEE6500AA710B /* Build configuration list for PBXNativeTarget "SaveTheWorld" */;
			buildPhases = (
				4C8ACD7F242BEE6400AA710B /* Sources */,
				4C8ACD80242BEE6400AA710B /* Frameworks */,
				4C8ACD81242BEE6400AA710B /* Resources */,
			);
			buildRules = (
			);
			dependencies = (
			);
			name = SaveTheWorld;
			productName = SaveTheWorld;
			productReference = 4C8ACD83242BEE6400AA710B /* SaveTheWorld.app */;
			productType = "com.apple.product-type.application";
		};
		4C8ACD98242BEE6500AA710B /* SaveTheWorldTests */ = {
			isa = PBXNativeTarget;
			buildConfigurationList = 4C8ACDA5242BEE6500AA710B /* Build configuration list for PBXNativeTarget "SaveTheWorldTests" */;
			buildPhases = (
				4C8ACD95242BEE6500AA710B /* Sources */,
				4C8ACD96242BEE6500AA710B /* Frameworks */,
				4C8ACD97242BEE6500AA710B /* Resources */,
			);
			buildRules = (
			);
			dependencies = (
				4C8ACD9B242BEE6500AA710B /* PBXTargetDependency */,
			);
			name = SaveTheWorldTests;
			productName = SaveTheWorldTests;
			productReference = 4C8ACD99242BEE6500AA710B /* SaveTheWorldTests.xctest */;
			productType = "com.apple.product-type.bundle.unit-test";
		};
/* End PBXNativeTarget section */

/* Begin PBXProject section */
		4C8ACD7B242BEE6300AA710B /* Project object */ = {
			isa = PBXProject;
			attributes = {
				LastSwiftUpdateCheck = 1130;
				LastUpgradeCheck = 1130;
				ORGANIZATIONNAME = Updatus;
				TargetAttributes = {
					4C8ACD82242BEE6400AA710B = {
						CreatedOnToolsVersion = 11.3.1;
					};
					4C8ACD98242BEE6500AA710B = {
						CreatedOnToolsVersion = 11.3.1;
						TestTargetID = 4C8ACD82242BEE6400AA710B;
					};
				};
			};
			buildConfigurationList = 4C8ACD7E242BEE6300AA710B /* Build configuration list for PBXProject "SaveTheWorld" */;
			compatibilityVersion = "Xcode 11.0";
			developmentRegion = en;
			hasScannedForEncodings = 0;
			knownRegions = (
				en,
				Base,
			);
			mainGroup = 4C8ACD7A242BEE6300AA710B;
			productRefGroup = 4C8ACD84242BEE6400AA710B /* Products */;
			projectDirPath = "";
			projectRoot = "";
			targets = (
				4C8ACD82242BEE6400AA710B /* SaveTheWorld */,
				4C8ACD98242BEE6500AA710B /* SaveTheWorldTests */,
			);
		};
/* End PBXProject section */

/* Begin PBXResourcesBuildPhase section */
		4C8ACD81242BEE6400AA710B /* Resources */ = {
			isa = PBXResourcesBuildPhase;
			buildActionMask = 2147483647;
			files = (
				4C8ACD93242BEE6500AA710B /* LaunchScreen.storyboard in Resources */,
				4C8ACD90242BEE6500AA710B /* Preview Assets.xcassets in Resources */,
				4C8ACD8D242BEE6500AA710B /* Assets.xcassets in Resources */,
			);
			runOnlyForDeploymentPostprocessing = 0;
		};
		4C8ACD97242BEE6500AA710B /* Resources */ = {
			isa = PBXResourcesBuildPhase;
			buildActionMask = 2147483647;
			files = (
			);
			runOnlyForDeploymentPostprocessing = 0;
		};
/* End PBXResourcesBuildPhase section */

/* Begin PBXSourcesBuildPhase section */
		4C8ACD7F242BEE6400AA710B /* Sources */ = {
			isa = PBXSourcesBuildPhase;
			buildActionMask = 2147483647;
			files = (
				4C8ACD87242BEE6400AA710B /* AppDelegate.swift in Sources */,
				4C8ACD89242BEE6400AA710B /* SceneDelegate.swift in Sources */,
				4C8ACD8B242BEE6400AA710B /* ContentView.swift in Sources */,
			);
			runOnlyForDeploymentPostprocessing = 0;
		};
		4C8ACD95242BEE6500AA710B /* Sources */ = {
			isa = PBXSourcesBuildPhase;
			buildActionMask = 2147483647;
			files = (
				4C8ACD9E242BEE6500AA710B /* SaveTheWorldTests.swift in Sources */,
			);
			runOnlyForDeploymentPostprocessing = 0;
		};
/* End PBXSourcesBuildPhase section */

/* Begin PBXTargetDependency section */
		4C8ACD9B242BEE6500AA710B /* PBXTargetDependency */ = {
			isa = PBXTargetDependency;
			target = 4C8ACD82242BEE6400AA710B /* SaveTheWorld */;
			targetProxy = 4C8ACD9A242BEE6500AA710B /* PBXContainerItemProxy */;
		};
/* End PBXTargetDependency section */

/* Begin PBXVariantGroup section */
		4C8ACD91242BEE6500AA710B /* LaunchScreen.storyboard */ = {
			isa = PBXVariantGroup;
			children = (
				4C8ACD92242BEE6500AA710B /* Base */,
			);
			name = LaunchScreen.storyboard;
			sourceTree = "<group>";
		};
/* End PBXVariantGroup section */

/* Begin XCBuildConfiguration section */
		4C8ACDA0242BEE6500AA710B /* Debug */ = {
			isa = XCBuildConfiguration;
			buildSettings = {
				ALWAYS_SEARCH_USER_PATHS = NO;
				CLANG_ANALYZER_NONNULL = YES;
				CLANG_ANALYZER_NUMBER_OBJECT_CONVERSION = YES_AGGRESSIVE;
				CLANG_CXX_LANGUAGE_STANDARD = "gnu++14";
				CLANG_CXX_LIBRARY = "libc++";
				CLANG_ENABLE_MODULES = YES;
				CLANG_ENABLE_OBJC_ARC = YES;
				CLANG_ENABLE_OBJC_WEAK = YES;
				CLANG_WARN_BLOCK_CAPTURE_AUTORELEASING = YES;
				CLANG_WARN_BOOL_CONVERSION = YES;
				CLANG_WARN_COMMA = YES;
				CLANG_WARN_CONSTANT_CONVERSION = YES;
				CLANG_WARN_DEPRECATED_OBJC_IMPLEMENTATIONS = YES;
				CLANG_WARN_DIRECT_OBJC_ISA_USAGE = YES_ERROR;
				CLANG_WARN_DOCUMENTATION_COMMENTS = YES;
				CLANG_WARN_EMPTY_BODY = YES;
				CLANG_WARN_ENUM_CONVERSION = YES;
				CLANG_WARN_INFINITE_RECURSION = YES;
				CLANG_WARN_INT_CONVERSION = YES;
				CLANG_WARN_NON_LITERAL_NULL_CONVERSION = YES;
				CLANG_WARN_OBJC_IMPLICIT_RETAIN_SELF = YES;
				CLANG_WARN_OBJC_LITERAL_CONVERSION = YES;
				CLANG_WARN_OBJC_ROOT_CLASS = YES_ERROR;
				CLANG_WARN_RANGE_LOOP_ANALYSIS = YES;
				CLANG_WARN_STRICT_PROTOTYPES = YES;
				CLANG_WARN_SUSPICIOUS_MOVE = YES;
				CLANG_WARN_UNGUARDED_AVAILABILITY = YES_AGGRESSIVE;
				CLANG_WARN_UNREACHABLE_CODE = YES;
				CLANG_WARN__DUPLICATE_METHOD_MATCH = YES;
				COPY_PHASE_STRIP = NO;
				DEBUG_INFORMATION_FORMAT = dwarf;
				ENABLE_STRICT_OBJC_MSGSEND = YES;
				ENABLE_TESTABILITY = YES;
				GCC_C_LANGUAGE_STANDARD = gnu11;
				GCC_DYNAMIC_NO_PIC = NO;
				GCC_NO_COMMON_BLOCKS = YES;
				GCC_OPTIMIZATION_LEVEL = 0;
				GCC_PREPROCESSOR_DEFINITIONS = (
					"DEBUG=1",
					"$(inherited)",
				);
				GCC_WARN_64_TO_32_BIT_CONVERSION = YES;
				GCC_WARN_ABOUT_RETURN_TYPE = YES_ERROR;
				GCC_WARN_UNDECLARED_SELECTOR = YES;
				GCC_WARN_UNINITIALIZED_AUTOS = YES_AGGRESSIVE;
				GCC_WARN_UNUSED_FUNCTION = YES;
				GCC_WARN_UNUSED_VARIABLE = YES;
				IPHONEOS_DEPLOYMENT_TARGET = 13.2;
				MTL_ENABLE_DEBUG_INFO = INCLUDE_SOURCE;
				MTL_FAST_MATH = YES;
				ONLY_ACTIVE_ARCH = YES;
				SDKROOT = iphoneos;
				SWIFT_ACTIVE_COMPILATION_CONDITIONS = DEBUG;
				SWIFT_OPTIMIZATION_LEVEL = "-Onone";
			};
			name = Debug;
		};
		4C8ACDA1242BEE6500AA710B /* Release */ = {
			isa = XCBuildConfiguration;
			buildSettings = {
				ALWAYS_SEARCH_USER_PATHS = NO;
				CLANG_ANALYZER_NONNULL = YES;
				CLANG_ANALYZER_NUMBER_OBJECT_CONVERSION = YES_AGGRESSIVE;
				CLANG_CXX_LANGUAGE_STANDARD = "gnu++14";
				CLANG_CXX_LIBRARY = "libc++";
				CLANG_ENABLE_MODULES = YES;
				CLANG_ENABLE_OBJC_ARC = YES;
				CLANG_ENABLE_OBJC_WEAK = YES;
				CLANG_WARN_BLOCK_CAPTURE_AUTORELEASING = YES;
				CLANG_WARN_BOOL_CONVERSION = YES;
				CLANG_WARN_COMMA = YES;
				CLANG_WARN_CONSTANT_CONVERSION = YES;
				CLANG_WARN_DEPRECATED_OBJC_IMPLEMENTATIONS = YES;
				CLANG_WARN_DIRECT_OBJC_ISA_USAGE = YES_ERROR;
				CLANG_WARN_DOCUMENTATION_COMMENTS = YES;
				CLANG_WARN_EMPTY_BODY = YES;
				CLANG_WARN_ENUM_CONVERSION = YES;
				CLANG_WARN_INFINITE_RECURSION = YES;
				CLANG_WARN_INT_CONVERSION = YES;
				CLANG_WARN_NON_LITERAL_NULL_CONVERSION = YES;
				CLANG_WARN_OBJC_IMPLICIT_RETAIN_SELF = YES;
				CLANG_WARN_OBJC_LITERAL_CONVERSION = YES;
				CLANG_WARN_OBJC_ROOT_CLASS = YES_ERROR;
				CLANG_WARN_RANGE_LOOP_ANALYSIS = YES;
				CLANG_WARN_STRICT_PROTOTYPES = YES;
				CLANG_WARN_SUSPICIOUS_MOVE = YES;
				CLANG_WARN_UNGUARDED_AVAILABILITY = YES_AGGRESSIVE;
				CLANG_WARN_UNREACHABLE_CODE = YES;
				CLANG_WARN__DUPLICATE_METHOD_MATCH = YES;
				COPY_PHASE_STRIP = NO;
				DEBUG_INFORMATION_FORMAT = "dwarf-with-dsym";
				ENABLE_NS_ASSERTIONS = NO;
				ENABLE_STRICT_OBJC_MSGSEND = YES;
				GCC_C_LANGUAGE_STANDARD = gnu11;
				GCC_NO_COMMON_BLOCKS = YES;
				GCC_WARN_64_TO_32_BIT_CONVERSION = YES;
				GCC_WARN_ABOUT_RETURN_TYPE = YES_ERROR;
				GCC_WARN_UNDECLARED_SELECTOR = YES;
				GCC_WARN_UNINITIALIZED_AUTOS = YES_AGGRESSIVE;
				GCC_WARN_UNUSED_FUNCTION = YES;
				GCC_WARN_UNUSED_VARIABLE = YES;
				IPHONEOS_DEPLOYMENT_TARGET = 13.2;
				MTL_ENABLE_DEBUG_INFO = NO;
				MTL_FAST_MATH = YES;
				SDKROOT = iphoneos;
				SWIFT_COMPILATION_MODE = wholemodule;
				SWIFT_OPTIMIZATION_LEVEL = "-O";
				VALIDATE_PRODUCT = YES;
			};
			name = Release;
		};
		4C8ACDA3242BEE6500AA710B /* Debug */ = {
			isa = XCBuildConfiguration;
			buildSettings = {
				ASSETCATALOG_COMPILER_APPICON_NAME = AppIcon;
				CODE_SIGN_STYLE = Automatic;
				DEVELOPMENT_ASSET_PATHS = "\"SaveTheWorld/Preview Content\"";
				ENABLE_PREVIEWS = YES;
				INFOPLIST_FILE = SaveTheWorld/Info.plist;
				LD_RUNPATH_SEARCH_PATHS = (
					"$(inherited)",
					"@executable_path/Frameworks",
				);
				PRODUCT_BUNDLE_IDENTIFIER = updatus.ruchita.SaveTheWorld;
				PRODUCT_NAME = "$(TARGET_NAME)";
				SWIFT_VERSION = 5.0;
				TARGETED_DEVICE_FAMILY = "1,2";
			};
			name = Debug;
		};
		4C8ACDA4242BEE6500AA710B /* Release */ = {
			isa = XCBuildConfiguration;
			buildSettings = {
				ASSETCATALOG_COMPILER_APPICON_NAME = AppIcon;
				CODE_SIGN_STYLE = Automatic;
				DEVELOPMENT_ASSET_PATHS = "\"SaveTheWorld/Preview Content\"";
				ENABLE_PREVIEWS = YES;
				INFOPLIST_FILE = SaveTheWorld/Info.plist;
				LD_RUNPATH_SEARCH_PATHS = (
					"$(inherited)",
					"@executable_path/Frameworks",
				);
				PRODUCT_BUNDLE_IDENTIFIER = updatus.ruchita.SaveTheWorld;
				PRODUCT_NAME = "$(TARGET_NAME)";
				SWIFT_VERSION = 5.0;
				TARGETED_DEVICE_FAMILY = "1,2";
			};
			name = Release;
		};
		4C8ACDA6242BEE6500AA710B /* Debug */ = {
			isa = XCBuildConfiguration;
			buildSettings = {
				ALWAYS_EMBED_SWIFT_STANDARD_LIBRARIES = YES;
				BUNDLE_LOADER = "$(TEST_HOST)";
				CODE_SIGN_STYLE = Automatic;
				INFOPLIST_FILE = SaveTheWorldTests/Info.plist;
				IPHONEOS_DEPLOYMENT_TARGET = 13.2;
				LD_RUNPATH_SEARCH_PATHS = (
					"$(inherited)",
					"@executable_path/Frameworks",
					"@loader_path/Frameworks",
				);
				PRODUCT_BUNDLE_IDENTIFIER = updatus.ruchita.SaveTheWorldTests;
				PRODUCT_NAME = "$(TARGET_NAME)";
				SWIFT_VERSION = 5.0;
				TARGETED_DEVICE_FAMILY = "1,2";
				TEST_HOST = "$(BUILT_PRODUCTS_DIR)/SaveTheWorld.app/SaveTheWorld";
			};
			name = Debug;
		};
		4C8ACDA7242BEE6500AA710B /* Release */ = {
			isa = XCBuildConfiguration;
			buildSettings = {
				ALWAYS_EMBED_SWIFT_STANDARD_LIBRARIES = YES;
				BUNDLE_LOADER = "$(TEST_HOST)";
				CODE_SIGN_STYLE = Automatic;
				INFOPLIST_FILE = SaveTheWorldTests/Info.plist;
				IPHONEOS_DEPLOYMENT_TARGET = 13.2;
				LD_RUNPATH_SEARCH_PATHS = (
					"$(inherited)",
					"@executable_path/Frameworks",
					"@loader_path/Frameworks",
				);
				PRODUCT_BUNDLE_IDENTIFIER = updatus.ruchita.SaveTheWorldTests;
				PRODUCT_NAME = "$(TARGET_NAME)";
				SWIFT_VERSION = 5.0;
				TARGETED_DEVICE_FAMILY = "1,2";
				TEST_HOST = "$(BUILT_PRODUCTS_DIR)/SaveTheWorld.app/SaveTheWorld";
			};
			name = Release;
		};
/* End XCBuildConfiguration section */

/* Begin XCConfigurationList section */
		4C8ACD7E242BEE6300AA710B /* Build configuration list for PBXProject "SaveTheWorld" */ = {
			isa = XCConfigurationList;
			buildConfigurations = (
				4C8ACDA0242BEE6500AA710B /* Debug */,
				4C8ACDA1242BEE6500AA710B /* Release */,
			);
			defaultConfigurationIsVisible = 0;
			defaultConfigurationName = Release;
		};
		4C8ACDA2242BEE6500AA710B /* Build configuration list for PBXNativeTarget "SaveTheWorld" */ = {
			isa = XCConfigurationList;
			buildConfigurations = (
				4C8ACDA3242BEE6500AA710B /* Debug */,
				4C8ACDA4242BEE6500AA710B /* Release */,
			);
			defaultConfigurationIsVisible = 0;
			defaultConfigurationName = Release;
		};
		4C8ACDA5242BEE6500AA710B /* Build configuration list for PBXNativeTarget "SaveTheWorldTests" */ = {
			isa = XCConfigurationList;
			buildConfigurations = (
				4C8ACDA6242BEE6500AA710B /* Debug */,
				4C8ACDA7242BEE6500AA710B /* Release */,
			);
			defaultConfigurationIsVisible = 0;
			defaultConfigurationName = Release;
		};
/* End XCConfigurationList section */
	};
	rootObject = 4C8ACD7B242BEE6300AA710B /* Project object */;
}
